
Microsoft Visual Studio Solution File, Format Version 12.00
# Visual Studio Version 16
VisualStudioVersion = 16.0.29102.190
MinimumVisualStudioVersion = 10.0.40219.1
Project("{FAE04EC0-301F-11D3-BF4B-00C04F79EFBC}") = "Codeer.Friendly.Windows", "Codeer.Friendly.Windows.csproj", "{56A947B0-1DF8-4116-8152-AB2D4B6042C3}"
EndProject
Project("{FAE04EC0-301F-11D3-BF4B-00C04F79EFBC}") = "UnitTest", "..\UnitTest\UnitTest.csproj", "{C50464C7-343A-4945-9B44-0C0E6A4C628D}"
EndProject
Project("{FAE04EC0-301F-11D3-BF4B-00C04F79EFBC}") = "Attachx86", "..\Attachx86\Attachx86.csproj", "{76D53D43-1EC3-4D66-AAAE-0C62B9EEE748}"
EndProject
Project("{FAE04EC0-301F-11D3-BF4B-00C04F79EFBC}") = "TestTargetx86", "..\TestTargetx86\TestTargetx86.csproj", "{8E93CC5B-87D1-453F-96F6-57680DAB7A92}"
EndProject
Project("{2150E333-8FDC-42A3-9474-1A3956D46DE8}") = "Nuget", "Nuget", "{07819EDF-DAB6-47E6-8976-1F399873ED07}"
	ProjectSection(SolutionItems) = preProject
		..\Nuget\Friendly.Windows.nuspec = ..\Nuget\Friendly.Windows.nuspec
	EndProjectSection
EndProject
Project("{FAE04EC0-301F-11D3-BF4B-00C04F79EFBC}") = "LogTest", "..\LogTest\LogTest.csproj", "{A9668D3A-DA34-4E4F-B6EB-512E2AF8C005}"
EndProject
Global
	GlobalSection(SolutionConfigurationPlatforms) = preSolution
		Debug|Any CPU = Debug|Any CPU
		Release|Any CPU = Release|Any CPU
		Release-Eng|Any CPU = Release-Eng|Any CPU
	EndGlobalSection
	GlobalSection(ProjectConfigurationPlatforms) = postSolution
		{56A947B0-1DF8-4116-8152-AB2D4B6042C3}.Debug|Any CPU.ActiveCfg = Debug|Any CPU
		{56A947B0-1DF8-4116-8152-AB2D4B6042C3}.Debug|Any CPU.Build.0 = Debug|Any CPU
		{56A947B0-1DF8-4116-8152-AB2D4B6042C3}.Release|Any CPU.ActiveCfg = Release|Any CPU
		{56A947B0-1DF8-4116-8152-AB2D4B6042C3}.Release|Any CPU.Build.0 = Release|Any CPU
		{56A947B0-1DF8-4116-8152-AB2D4B6042C3}.Release-Eng|Any CPU.ActiveCfg = Release-Eng|Any CPU
		{56A947B0-1DF8-4116-8152-AB2D4B6042C3}.Release-Eng|Any CPU.Build.0 = Release-Eng|Any CPU
		{C50464C7-343A-4945-9B44-0C0E6A4C628D}.Debug|Any CPU.ActiveCfg = Debug|Any CPU
		{C50464C7-343A-4945-9B44-0C0E6A4C628D}.Debug|Any CPU.Build.0 = Debug|Any CPU
		{C50464C7-343A-4945-9B44-0C0E6A4C628D}.Release|Any CPU.ActiveCfg = Release|Any CPU
		{C50464C7-343A-4945-9B44-0C0E6A4C628D}.Release|Any CPU.Build.0 = Release|Any CPU
		{C50464C7-343A-4945-9B44-0C0E6A4C628D}.Release-Eng|Any CPU.ActiveCfg = Release|Any CPU
		{C50464C7-343A-4945-9B44-0C0E6A4C628D}.Release-Eng|Any CPU.Build.0 = Release|Any CPU
		{76D53D43-1EC3-4D66-AAAE-0C62B9EEE748}.Debug|Any CPU.ActiveCfg = Debug|Any CPU
		{76D53D43-1EC3-4D66-AAAE-0C62B9EEE748}.Debug|Any CPU.Build.0 = Debug|Any CPU
		{76D53D43-1EC3-4D66-AAAE-0C62B9EEE748}.Release|Any CPU.ActiveCfg = Release|Any CPU
		{76D53D43-1EC3-4D66-AAAE-0C62B9EEE748}.Release|Any CPU.Build.0 = Release|Any CPU
		{76D53D43-1EC3-4D66-AAAE-0C62B9EEE748}.Release-Eng|Any CPU.ActiveCfg = Release|Any CPU
		{76D53D43-1EC3-4D66-AAAE-0C62B9EEE748}.Release-Eng|Any CPU.Build.0 = Release|Any CPU
		{8E93CC5B-87D1-453F-96F6-57680DAB7A92}.Debug|Any CPU.ActiveCfg = Debug|Any CPU
		{8E93CC5B-87D1-453F-96F6-57680DAB7A92}.Debug|Any CPU.Build.0 = Debug|Any CPU
		{8E93CC5B-87D1-453F-96F6-57680DAB7A92}.Release|Any CPU.ActiveCfg = Release|Any CPU
		{8E93CC5B-87D1-453F-96F6-57680DAB7A92}.Release|Any CPU.Build.0 = Release|Any CPU
		{8E93CC5B-87D1-453F-96F6-57680DAB7A92}.Release-Eng|Any CPU.ActiveCfg = Release|Any CPU
		{8E93CC5B-87D1-453F-96F6-57680DAB7A92}.Release-Eng|Any CPU.Build.0 = Release|Any CPU
		{A9668D3A-DA34-4E4F-B6EB-512E2AF8C005}.Debug|Any CPU.ActiveCfg = Debug|Any CPU
		{A9668D3A-DA34-4E4F-B6EB-512E2AF8C005}.Debug|Any CPU.Build.0 = Debug|Any CPU
		{A9668D3A-DA34-4E4F-B6EB-512E2AF8C005}.Release|Any CPU.ActiveCfg = Release|Any CPU
		{A9668D3A-DA34-4E4F-B6EB-512E2AF8C005}.Release|Any CPU.Build.0 = Release|Any CPU
		{A9668D3A-DA34-4E4F-B6EB-512E2AF8C005}.Release-Eng|Any CPU.ActiveCfg = Release|Any CPU
		{A9668D3A-DA34-4E4F-B6EB-512E2AF8C005}.Release-Eng|Any CPU.Build.0 = Release|Any CPU
	EndGlobalSection
	GlobalSection(SolutionProperties) = preSolution
		HideSolutionNode = FALSE
	EndGlobalSection
	GlobalSection(ExtensibilityGlobals) = postSolution
		SolutionGuid = {70C68E25-295C-49E0-81CC-9708472FB5CA}
	EndGlobalSection
EndGlobal
