
Microsoft Visual Studio Solution File, Format Version 12.00
# Visual Studio 15
VisualStudioVersion = 15.0.27703.2042
MinimumVisualStudioVersion = 10.0.40219.1
Project("{FAE04EC0-301F-11D3-BF4B-00C04F79EFBC}") = "Codeer.Friendly.Windows", "Codeer.Friendly.Windows.csproj", "{56A947B0-1DF8-4116-8152-AB2D4B6042C3}"
EndProject
Project("{FAE04EC0-301F-11D3-BF4B-00C04F79EFBC}") = "UnitTest", "..\UnitTest\UnitTest.csproj", "{C50464C7-343A-4945-9B44-0C0E6A4C628D}"
EndProject
Global
	GlobalSection(SolutionConfigurationPlatforms) = preSolution
		Debug|Any CPU = Debug|Any CPU
		Release|Any CPU = Release|Any CPU
		Release-Eng|Any CPU = Release-Eng|Any CPU
	EndGlobalSection
	GlobalSection(ProjectConfigurationPlatforms) = postSolution
		{56A947B0-1DF8-4116-8152-AB2D4B6042C3}.Debug|Any CPU.ActiveCfg = Debug|Any CPU
		{56A947B0-1DF8-4116-8152-AB2D4B6042C3}.Debug|Any CPU.Build.0 = Debug|Any CPU
		{56A947B0-1DF8-4116-8152-AB2D4B6042C3}.Release|Any CPU.ActiveCfg = Release|Any CPU
		{56A947B0-1DF8-4116-8152-AB2D4B6042C3}.Release|Any CPU.Build.0 = Release|Any CPU
		{56A947B0-1DF8-4116-8152-AB2D4B6042C3}.Release-Eng|Any CPU.ActiveCfg = Release-Eng|Any CPU
		{56A947B0-1DF8-4116-8152-AB2D4B6042C3}.Release-Eng|Any CPU.Build.0 = Release-Eng|Any CPU
		{C50464C7-343A-4945-9B44-0C0E6A4C628D}.Debug|Any CPU.ActiveCfg = Debug|Any CPU
		{C50464C7-343A-4945-9B44-0C0E6A4C628D}.Debug|Any CPU.Build.0 = Debug|Any CPU
		{C50464C7-343A-4945-9B44-0C0E6A4C628D}.Release|Any CPU.ActiveCfg = Release|Any CPU
		{C50464C7-343A-4945-9B44-0C0E6A4C628D}.Release|Any CPU.Build.0 = Release|Any CPU
		{C50464C7-343A-4945-9B44-0C0E6A4C628D}.Release-Eng|Any CPU.ActiveCfg = Release|Any CPU
		{C50464C7-343A-4945-9B44-0C0E6A4C628D}.Release-Eng|Any CPU.Build.0 = Release|Any CPU
	EndGlobalSection
	GlobalSection(SolutionProperties) = preSolution
		HideSolutionNode = FALSE
	EndGlobalSection
	GlobalSection(ExtensibilityGlobals) = postSolution
		SolutionGuid = {70C68E25-295C-49E0-81CC-9708472FB5CA}
	EndGlobalSection
EndGlobal
