
Microsoft Visual Studio Solution File, Format Version 12.00
# Visual Studio Version 17
VisualStudioVersion = 17.11.35222.181
MinimumVisualStudioVersion = 10.0.40219.1
Project("{FAE04EC0-301F-11D3-BF4B-00C04F79EFBC}") = "TestTargetCore8", "TestTargetCore8\TestTargetCore8.csproj", "{9BAE3E0D-ED12-4198-A653-2FADEE68554F}"
EndProject
Global
	GlobalSection(SolutionConfigurationPlatforms) = preSolution
		Debug|Any CPU = Debug|Any CPU
		Release|Any CPU = Release|Any CPU
	EndGlobalSection
	GlobalSection(ProjectConfigurationPlatforms) = postSolution
		{9BAE3E0D-ED12-4198-A653-2FADEE68554F}.Debug|Any CPU.ActiveCfg = Debug|Any CPU
		{9BAE3E0D-ED12-4198-A653-2FADEE68554F}.Debug|Any CPU.Build.0 = Debug|Any CPU
		{9BAE3E0D-ED12-4198-A653-2FADEE68554F}.Release|Any CPU.ActiveCfg = Release|Any CPU
		{9BAE3E0D-ED12-4198-A653-2FADEE68554F}.Release|Any CPU.Build.0 = Release|Any CPU
	EndGlobalSection
	GlobalSection(SolutionProperties) = preSolution
		HideSolutionNode = FALSE
	EndGlobalSection
	GlobalSection(ExtensibilityGlobals) = postSolution
		SolutionGuid = {EE8B6130-46CA-48AF-BA09-2019855D016E}
	EndGlobalSection
EndGlobal
